
Microsoft Visual Studio Solution File, Format Version 12.00
# Visual Studio Version 16
VisualStudioVersion = 16.0.30907.101
MinimumVisualStudioVersion = 10.0.40219.1
Project("{FAE04EC0-301F-11D3-BF4B-00C04F79EFBC}") = "AppXamarin.Android", "AppXamarin\AppXamarin.Android\AppXamarin.Android.csproj", "{D2FAF676-7BEB-42B7-B855-809E43D1FB4D}"
EndProject
Project("{FAE04EC0-301F-11D3-BF4B-00C04F79EFBC}") = "AppXamarin.iOS", "AppXamarin\AppXamarin.iOS\AppXamarin.iOS.csproj", "{0202D77C-6760-4618-8509-412C5685DF05}"
EndProject
Project("{FAE04EC0-301F-11D3-BF4B-00C04F79EFBC}") = "AppXamarin", "AppXamarin\AppXamarin\AppXamarin.csproj", "{8327F10B-92C3-4C0C-91A5-E11BE2D9FACA}"
EndProject
Global
	GlobalSection(SolutionConfigurationPlatforms) = preSolution
		Debug|Any CPU = Debug|Any CPU
		Debug|iPhone = Debug|iPhone
		Debug|iPhoneSimulator = Debug|iPhoneSimulator
		Release|Any CPU = Release|Any CPU
		Release|iPhone = Release|iPhone
		Release|iPhoneSimulator = Release|iPhoneSimulator
	EndGlobalSection
	GlobalSection(ProjectConfigurationPlatforms) = postSolution
		{D2FAF676-7BEB-42B7-B855-809E43D1FB4D}.Debug|Any CPU.ActiveCfg = Debug|Any CPU
		{D2FAF676-7BEB-42B7-B855-809E43D1FB4D}.Debug|Any CPU.Build.0 = Debug|Any CPU
		{D2FAF676-7BEB-42B7-B855-809E43D1FB4D}.Debug|Any CPU.Deploy.0 = Debug|Any CPU
		{D2FAF676-7BEB-42B7-B855-809E43D1FB4D}.Debug|iPhone.ActiveCfg = Debug|Any CPU
		{D2FAF676-7BEB-42B7-B855-809E43D1FB4D}.Debug|iPhone.Build.0 = Debug|Any CPU
		{D2FAF676-7BEB-42B7-B855-809E43D1FB4D}.Debug|iPhone.Deploy.0 = Debug|Any CPU
		{D2FAF676-7BEB-42B7-B855-809E43D1FB4D}.Debug|iPhoneSimulator.ActiveCfg = Debug|Any CPU
		{D2FAF676-7BEB-42B7-B855-809E43D1FB4D}.Debug|iPhoneSimulator.Build.0 = Debug|Any CPU
		{D2FAF676-7BEB-42B7-B855-809E43D1FB4D}.Debug|iPhoneSimulator.Deploy.0 = Debug|Any CPU
		{D2FAF676-7BEB-42B7-B855-809E43D1FB4D}.Release|Any CPU.ActiveCfg = Release|Any CPU
		{D2FAF676-7BEB-42B7-B855-809E43D1FB4D}.Release|Any CPU.Build.0 = Release|Any CPU
		{D2FAF676-7BEB-42B7-B855-809E43D1FB4D}.Release|Any CPU.Deploy.0 = Release|Any CPU
		{D2FAF676-7BEB-42B7-B855-809E43D1FB4D}.Release|iPhone.ActiveCfg = Release|Any CPU
		{D2FAF676-7BEB-42B7-B855-809E43D1FB4D}.Release|iPhone.Build.0 = Release|Any CPU
		{D2FAF676-7BEB-42B7-B855-809E43D1FB4D}.Release|iPhone.Deploy.0 = Release|Any CPU
		{D2FAF676-7BEB-42B7-B855-809E43D1FB4D}.Release|iPhoneSimulator.ActiveCfg = Release|Any CPU
		{D2FAF676-7BEB-42B7-B855-809E43D1FB4D}.Release|iPhoneSimulator.Build.0 = Release|Any CPU
		{D2FAF676-7BEB-42B7-B855-809E43D1FB4D}.Release|iPhoneSimulator.Deploy.0 = Release|Any CPU
		{0202D77C-6760-4618-8509-412C5685DF05}.Debug|Any CPU.ActiveCfg = Debug|iPhone
		{0202D77C-6760-4618-8509-412C5685DF05}.Debug|Any CPU.Build.0 = Debug|iPhone
		{0202D77C-6760-4618-8509-412C5685DF05}.Debug|Any CPU.Deploy.0 = Debug|iPhone
		{0202D77C-6760-4618-8509-412C5685DF05}.Debug|iPhone.ActiveCfg = Debug|iPhone
		{0202D77C-6760-4618-8509-412C5685DF05}.Debug|iPhone.Build.0 = Debug|iPhone
		{0202D77C-6760-4618-8509-412C5685DF05}.Debug|iPhone.Deploy.0 = Debug|iPhone
		{0202D77C-6760-4618-8509-412C5685DF05}.Debug|iPhoneSimulator.ActiveCfg = Debug|iPhoneSimulator
		{0202D77C-6760-4618-8509-412C5685DF05}.Debug|iPhoneSimulator.Build.0 = Debug|iPhoneSimulator
		{0202D77C-6760-4618-8509-412C5685DF05}.Debug|iPhoneSimulator.Deploy.0 = Debug|iPhoneSimulator
		{0202D77C-6760-4618-8509-412C5685DF05}.Release|Any CPU.ActiveCfg = Release|iPhoneSimulator
		{0202D77C-6760-4618-8509-412C5685DF05}.Release|Any CPU.Build.0 = Release|iPhoneSimulator
		{0202D77C-6760-4618-8509-412C5685DF05}.Release|Any CPU.Deploy.0 = Release|iPhoneSimulator
		{0202D77C-6760-4618-8509-412C5685DF05}.Release|iPhone.ActiveCfg = Release|iPhone
		{0202D77C-6760-4618-8509-412C5685DF05}.Release|iPhone.Build.0 = Release|iPhone
		{0202D77C-6760-4618-8509-412C5685DF05}.Release|iPhone.Deploy.0 = Release|iPhone
		{0202D77C-6760-4618-8509-412C5685DF05}.Release|iPhoneSimulator.ActiveCfg = Release|iPhoneSimulator
		{0202D77C-6760-4618-8509-412C5685DF05}.Release|iPhoneSimulator.Build.0 = Release|iPhoneSimulator
		{0202D77C-6760-4618-8509-412C5685DF05}.Release|iPhoneSimulator.Deploy.0 = Release|iPhoneSimulator
		{8327F10B-92C3-4C0C-91A5-E11BE2D9FACA}.Debug|Any CPU.ActiveCfg = Debug|Any CPU
		{8327F10B-92C3-4C0C-91A5-E11BE2D9FACA}.Debug|Any CPU.Build.0 = Debug|Any CPU
		{8327F10B-92C3-4C0C-91A5-E11BE2D9FACA}.Debug|Any CPU.Deploy.0 = Debug|Any CPU
		{8327F10B-92C3-4C0C-91A5-E11BE2D9FACA}.Debug|iPhone.ActiveCfg = Debug|Any CPU
		{8327F10B-92C3-4C0C-91A5-E11BE2D9FACA}.Debug|iPhone.Build.0 = Debug|Any CPU
		{8327F10B-92C3-4C0C-91A5-E11BE2D9FACA}.Debug|iPhone.Deploy.0 = Debug|Any CPU
		{8327F10B-92C3-4C0C-91A5-E11BE2D9FACA}.Debug|iPhoneSimulator.ActiveCfg = Debug|Any CPU
		{8327F10B-92C3-4C0C-91A5-E11BE2D9FACA}.Debug|iPhoneSimulator.Build.0 = Debug|Any CPU
		{8327F10B-92C3-4C0C-91A5-E11BE2D9FACA}.Debug|iPhoneSimulator.Deploy.0 = Debug|Any CPU
		{8327F10B-92C3-4C0C-91A5-E11BE2D9FACA}.Release|Any CPU.ActiveCfg = Release|Any CPU
		{8327F10B-92C3-4C0C-91A5-E11BE2D9FACA}.Release|Any CPU.Build.0 = Release|Any CPU
		{8327F10B-92C3-4C0C-91A5-E11BE2D9FACA}.Release|Any CPU.Deploy.0 = Release|Any CPU
		{8327F10B-92C3-4C0C-91A5-E11BE2D9FACA}.Release|iPhone.ActiveCfg = Release|Any CPU
		{8327F10B-92C3-4C0C-91A5-E11BE2D9FACA}.Release|iPhone.Build.0 = Release|Any CPU
		{8327F10B-92C3-4C0C-91A5-E11BE2D9FACA}.Release|iPhone.Deploy.0 = Release|Any CPU
		{8327F10B-92C3-4C0C-91A5-E11BE2D9FACA}.Release|iPhoneSimulator.ActiveCfg = Release|Any CPU
		{8327F10B-92C3-4C0C-91A5-E11BE2D9FACA}.Release|iPhoneSimulator.Build.0 = Release|Any CPU
		{8327F10B-92C3-4C0C-91A5-E11BE2D9FACA}.Release|iPhoneSimulator.Deploy.0 = Release|Any CPU
	EndGlobalSection
	GlobalSection(SolutionProperties) = preSolution
		HideSolutionNode = FALSE
	EndGlobalSection
	GlobalSection(ExtensibilityGlobals) = postSolution
		SolutionGuid = {CEA06605-C4F7-4969-871E-BFFB1878E949}
	EndGlobalSection
EndGlobal
